github.com/IRA-Package-Manager/goremote v0.0.0-20231224090839-8c2bbd2ebcf7 h1:CBmw4eg6ORy4y0OjNeR2GEEtgP5C4flLGFGik+gdls4=
github.com/IRA-Package-Manager/goremote v0.0.0-20231224090839-8c2bbd2ebcf7/go.mod h1:YPCLcoa9++Nf018Uc2XO658rVDLP1Sqtdsa8DQx0ByA=
github.com/gorilla/mux v1.8.1 h1:TuBL49tXwgrFYWhqrNgrUNEY92u81SPhu7sTdzQEiWY=
github.com/gorilla/mux v1.8.1/go.mod h1:AKf9I4AEqPTmMytcMc0KkNouC66V3BtZ4qD5fmWSiMQ=
